
Microsoft Visual Studio Solution File, Format Version 12.00
# Visual Studio Version 17
VisualStudioVersion = 17.9.34723.18
MinimumVisualStudioVersion = 10.0.40219.1
Project("{FAE04EC0-301F-11D3-BF4B-00C04F79EFBC}") = "GestionBilioteca", "GestionBilioteca.csproj", "{0BF6ED89-5E3E-4EC9-8843-900EFB4EF4CB}"
EndProject
Global
	GlobalSection(SolutionConfigurationPlatforms) = preSolution
		Debug|Any CPU = Debug|Any CPU
		Release|Any CPU = Release|Any CPU
	EndGlobalSection
	GlobalSection(ProjectConfigurationPlatforms) = postSolution
		{0BF6ED89-5E3E-4EC9-8843-900EFB4EF4CB}.Debug|Any CPU.ActiveCfg = Debug|Any CPU
		{0BF6ED89-5E3E-4EC9-8843-900EFB4EF4CB}.Debug|Any CPU.Build.0 = Debug|Any CPU
		{0BF6ED89-5E3E-4EC9-8843-900EFB4EF4CB}.Release|Any CPU.ActiveCfg = Release|Any CPU
		{0BF6ED89-5E3E-4EC9-8843-900EFB4EF4CB}.Release|Any CPU.Build.0 = Release|Any CPU
	EndGlobalSection
	GlobalSection(SolutionProperties) = preSolution
		HideSolutionNode = FALSE
	EndGlobalSection
	GlobalSection(ExtensibilityGlobals) = postSolution
		SolutionGuid = {3957FA2B-5B82-4D2C-8B93-4199947C2332}
	EndGlobalSection
EndGlobal
